
Microsoft Visual Studio Solution File, Format Version 12.00
# Visual Studio Version 16
VisualStudioVersion = 16.0.30717.126
MinimumVisualStudioVersion = 10.0.40219.1
Project("{FAE04EC0-301F-11D3-BF4B-00C04F79EFBC}") = "SpadCompanyPanel.Web", "SpadCompanyPanel.Web\SpadCompanyPanel.Web.csproj", "{207291CD-0E1C-4712-B847-89C4492C5932}"
EndProject
Project("{FAE04EC0-301F-11D3-BF4B-00C04F79EFBC}") = "SpadCompanyPanel.Core", "SpadCompanyPanel.Core\SpadCompanyPanel.Core.csproj", "{2E63C117-2D3D-4CF8-A72F-FDA4003B5DCE}"
EndProject
Project("{FAE04EC0-301F-11D3-BF4B-00C04F79EFBC}") = "SpadCompanyPanel.Infrastructure", "SpadCompanyPanel.Infrastructure\SpadCompanyPanel.Infrastructure.csproj", "{6B1CEE12-09E3-4262-9899-9E59CB4BF3F1}"
EndProject
Global
	GlobalSection(SolutionConfigurationPlatforms) = preSolution
		Debug|Any CPU = Debug|Any CPU
		Release|Any CPU = Release|Any CPU
	EndGlobalSection
	GlobalSection(ProjectConfigurationPlatforms) = postSolution
		{207291CD-0E1C-4712-B847-89C4492C5932}.Debug|Any CPU.ActiveCfg = Debug|Any CPU
		{207291CD-0E1C-4712-B847-89C4492C5932}.Debug|Any CPU.Build.0 = Debug|Any CPU
		{207291CD-0E1C-4712-B847-89C4492C5932}.Release|Any CPU.ActiveCfg = Release|Any CPU
		{207291CD-0E1C-4712-B847-89C4492C5932}.Release|Any CPU.Build.0 = Release|Any CPU
		{2E63C117-2D3D-4CF8-A72F-FDA4003B5DCE}.Debug|Any CPU.ActiveCfg = Debug|Any CPU
		{2E63C117-2D3D-4CF8-A72F-FDA4003B5DCE}.Debug|Any CPU.Build.0 = Debug|Any CPU
		{2E63C117-2D3D-4CF8-A72F-FDA4003B5DCE}.Release|Any CPU.ActiveCfg = Release|Any CPU
		{2E63C117-2D3D-4CF8-A72F-FDA4003B5DCE}.Release|Any CPU.Build.0 = Release|Any CPU
		{6B1CEE12-09E3-4262-9899-9E59CB4BF3F1}.Debug|Any CPU.ActiveCfg = Debug|Any CPU
		{6B1CEE12-09E3-4262-9899-9E59CB4BF3F1}.Debug|Any CPU.Build.0 = Debug|Any CPU
		{6B1CEE12-09E3-4262-9899-9E59CB4BF3F1}.Release|Any CPU.ActiveCfg = Release|Any CPU
		{6B1CEE12-09E3-4262-9899-9E59CB4BF3F1}.Release|Any CPU.Build.0 = Release|Any CPU
	EndGlobalSection
	GlobalSection(SolutionProperties) = preSolution
		HideSolutionNode = FALSE
	EndGlobalSection
	GlobalSection(ExtensibilityGlobals) = postSolution
		SolutionGuid = {5A63EDA0-47CC-4DFF-9C90-46722A816287}
	EndGlobalSection
EndGlobal
